// !$*UTF8*$!
{
	archiveVersion = 1;
	classes = {
	};
	objectVersion = 56;
	objects = {

/* Begin PBXBuildFile section */
		4ED8559A2B44C5EE00492807 /* AppDelegate.swift in Sources */ = {isa = PBXBuildFile; fileRef = 4ED855992B44C5EE00492807 /* AppDelegate.swift */; };
		4ED8559C2B44C5EE00492807 /* SceneDelegate.swift in Sources */ = {isa = PBXBuildFile; fileRef = 4ED8559B2B44C5EE00492807 /* SceneDelegate.swift */; };
		4ED8559E2B44C5EE00492807 /* ViewController.swift in Sources */ = {isa = PBXBuildFile; fileRef = 4ED8559D2B44C5EE00492807 /* ViewController.swift */; };
		4ED855A12B44C5EE00492807 /* Main.storyboard in Resources */ = {isa = PBXBuildFile; fileRef = 4ED8559F2B44C5EE00492807 /* Main.storyboard */; };
		4ED855A32B44C5EF00492807 /* Assets.xcassets in Resources */ = {isa = PBXBuildFile; fileRef = 4ED855A22B44C5EF00492807 /* Assets.xcassets */; };
		4ED855A62B44C5EF00492807 /* LaunchScreen.storyboard in Resources */ = {isa = PBXBuildFile; fileRef = 4ED855A42B44C5EF00492807 /* LaunchScreen.storyboard */; };
		4ED855B12B44C5EF00492807 /* i_am_RichTests.swift in Sources */ = {isa = PBXBuildFile; fileRef = 4ED855B02B44C5EF00492807 /* i_am_RichTests.swift */; };
		4ED855BB2B44C5EF00492807 /* i_am_RichUITests.swift in Sources */ = {isa = PBXBuildFile; fileRef = 4ED855BA2B44C5EF00492807 /* i_am_RichUITests.swift */; };
		4ED855BD2B44C5EF00492807 /* i_am_RichUITestsLaunchTests.swift in Sources */ = {isa = PBXBuildFile; fileRef = 4ED855BC2B44C5EF00492807 /* i_am_RichUITestsLaunchTests.swift */; };
/* End PBXBuildFile section */

/* Begin PBXContainerItemProxy section */
		4ED855AD2B44C5EF00492807 /* PBXContainerItemProxy */ = {
			isa = PBXContainerItemProxy;
			containerPortal = 4ED8558E2B44C5EE00492807 /* Project object */;
			proxyType = 1;
			remoteGlobalIDString = 4ED855952B44C5EE00492807;
			remoteInfo = "i am Rich";
		};
		4ED855B72B44C5EF00492807 /* PBXContainerItemProxy */ = {
			isa = PBXContainerItemProxy;
			containerPortal = 4ED8558E2B44C5EE00492807 /* Project object */;
			proxyType = 1;
			remoteGlobalIDString = 4ED855952B44C5EE00492807;
			remoteInfo = "i am Rich";
		};
/* End PBXContainerItemProxy section */

/* Begin PBXFileReference section */
		4ED855962B44C5EE00492807 /* i am Rich.app */ = {isa = PBXFileReference; explicitFileType = wrapper.application; includeInIndex = 0; path = "i am Rich.app"; sourceTree = BUILT_PRODUCTS_DIR; };
		4ED855992B44C5EE00492807 /* AppDelegate.swift */ = {isa = PBXFileReference; lastKnownFileType = sourcecode.swift; path = AppDelegate.swift; sourceTree = "<group>"; };
		4ED8559B2B44C5EE00492807 /* SceneDelegate.swift */ = {isa = PBXFileReference; lastKnownFileType = sourcecode.swift; path = SceneDelegate.swift; sourceTree = "<group>"; };
		4ED8559D2B44C5EE00492807 /* ViewController.swift */ = {isa = PBXFileReference; lastKnownFileType = sourcecode.swift; path = ViewController.swift; sourceTree = "<group>"; };
		4ED855A02B44C5EE00492807 /* Base */ = {isa = PBXFileReference; lastKnownFileType = file.storyboard; name = Base; path = Base.lproj/Main.storyboard; sourceTree = "<group>"; };
		4ED855A22B44C5EF00492807 /* Assets.xcassets */ = {isa = PBXFileReference; lastKnownFileType = folder.assetcatalog; path = Assets.xcassets; sourceTree = "<group>"; };
		4ED855A52B44C5EF00492807 /* Base */ = {isa = PBXFileReference; lastKnownFileType = file.storyboard; name = Base; path = Base.lproj/LaunchScreen.storyboard; sourceTree = "<group>"; };
		4ED855A72B44C5EF00492807 /* Info.plist */ = {isa = PBXFileReference; lastKnownFileType = text.plist.xml; path = Info.plist; sourceTree = "<group>"; };
		4ED855AC2B44C5EF00492807 /* i am RichTests.xctest */ = {isa = PBXFileReference; explicitFileType = wrapper.cfbundle; includeInIndex = 0; path = "i am RichTests.xctest"; sourceTree = BUILT_PRODUCTS_DIR; };
		4ED855B02B44C5EF00492807 /* i_am_RichTests.swift */ = {isa = PBXFileReference; lastKnownFileType = sourcecode.swift; path = i_am_RichTests.swift; sourceTree = "<group>"; };
		4ED855B62B44C5EF00492807 /* i am RichUITests.xctest */ = {isa = PBXFileReference; explicitFileType = wrapper.cfbundle; includeInIndex = 0; path = "i am RichUITests.xctest"; sourceTree = BUILT_PRODUCTS_DIR; };
		4ED855BA2B44C5EF00492807 /* i_am_RichUITests.swift */ = {isa = PBXFileReference; lastKnownFileType = sourcecode.swift; path = i_am_RichUITests.swift; sourceTree = "<group>"; };
		4ED855BC2B44C5EF00492807 /* i_am_RichUITestsLaunchTests.swift */ = {isa = PBXFileReference; lastKnownFileType = sourcecode.swift; path = i_am_RichUITestsLaunchTests.swift; sourceTree = "<group>"; };
/* End PBXFileReference section */

/* Begin PBXFrameworksBuildPhase section */
		4ED855932B44C5EE00492807 /* Frameworks */ = {
			isa = PBXFrameworksBuildPhase;
			buildActionMask = 2147483647;
			files = (
			);
			runOnlyForDeploymentPostprocessing = 0;
		};
		4ED855A92B44C5EF00492807 /* Frameworks */ = {
			isa = PBXFrameworksBuildPhase;
			buildActionMask = 2147483647;
			files = (
			);
			runOnlyForDeploymentPostprocessing = 0;
		};
		4ED855B32B44C5EF00492807 /* Frameworks */ = {
			isa = PBXFrameworksBuildPhase;
			buildActionMask = 2147483647;
			files = (
			);
			runOnlyForDeploymentPostprocessing = 0;
		};
/* End PBXFrameworksBuildPhase section */

/* Begin PBXGroup section */
		4ED8558D2B44C5EE00492807 = {
			isa = PBXGroup;
			children = (
				4ED855982B44C5EE00492807 /* i am Rich */,
				4ED855AF2B44C5EF00492807 /* i am RichTests */,
				4ED855B92B44C5EF00492807 /* i am RichUITests */,
				4ED855972B44C5EE00492807 /* Products */,
			);
			sourceTree = "<group>";
		};
		4ED855972B44C5EE00492807 /* Products */ = {
			isa = PBXGroup;
			children = (
				4ED855962B44C5EE00492807 /* i am Rich.app */,
				4ED855AC2B44C5EF00492807 /* i am RichTests.xctest */,
				4ED855B62B44C5EF00492807 /* i am RichUITests.xctest */,
			);
			name = Products;
			sourceTree = "<group>";
		};
		4ED855982B44C5EE00492807 /* i am Rich */ = {
			isa = PBXGroup;
			children = (
				4ED855992B44C5EE00492807 /* AppDelegate.swift */,
				4ED8559B2B44C5EE00492807 /* SceneDelegate.swift */,
				4ED8559D2B44C5EE00492807 /* ViewController.swift */,
				4ED8559F2B44C5EE00492807 /* Main.storyboard */,
				4ED855A22B44C5EF00492807 /* Assets.xcassets */,
				4ED855A42B44C5EF00492807 /* LaunchScreen.storyboard */,
				4ED855A72B44C5EF00492807 /* Info.plist */,
			);
			path = "i am Rich";
			sourceTree = "<group>";
		};
		4ED855AF2B44C5EF00492807 /* i am RichTests */ = {
			isa = PBXGroup;
			children = (
				4ED855B02B44C5EF00492807 /* i_am_RichTests.swift */,
			);
			path = "i am RichTests";
			sourceTree = "<group>";
		};
		4ED855B92B44C5EF00492807 /* i am RichUITests */ = {
			isa = PBXGroup;
			children = (
				4ED855BA2B44C5EF00492807 /* i_am_RichUITests.swift */,
				4ED855BC2B44C5EF00492807 /* i_am_RichUITestsLaunchTests.swift */,
			);
			path = "i am RichUITests";
			sourceTree = "<group>";
		};
/* End PBXGroup section */

/* Begin PBXNativeTarget section */
		4ED855952B44C5EE00492807 /* i am Rich */ = {
			isa = PBXNativeTarget;
			buildConfigurationList = 4ED855C02B44C5EF00492807 /* Build configuration list for PBXNativeTarget "i am Rich" */;
			buildPhases = (
				4ED855922B44C5EE00492807 /* Sources */,
				4ED855932B44C5EE00492807 /* Frameworks */,
				4ED855942B44C5EE00492807 /* Resources */,
			);
			buildRules = (
			);
			dependencies = (
			);
			name = "i am Rich";
			productName = "i am Rich";
			productReference = 4ED855962B44C5EE00492807 /* i am Rich.app */;
			productType = "com.apple.product-type.application";
		};
		4ED855AB2B44C5EF00492807 /* i am RichTests */ = {
			isa = PBXNativeTarget;
			buildConfigurationList = 4ED855C32B44C5EF00492807 /* Build configuration list for PBXNativeTarget "i am RichTests" */;
			buildPhases = (
				4ED855A82B44C5EF00492807 /* Sources */,
				4ED855A92B44C5EF00492807 /* Frameworks */,
				4ED855AA2B44C5EF00492807 /* Resources */,
			);
			buildRules = (
			);
			dependencies = (
				4ED855AE2B44C5EF00492807 /* PBXTargetDependency */,
			);
			name = "i am RichTests";
			productName = "i am RichTests";
			productReference = 4ED855AC2B44C5EF00492807 /* i am RichTests.xctest */;
			productType = "com.apple.product-type.bundle.unit-test";
		};
		4ED855B52B44C5EF00492807 /* i am RichUITests */ = {
			isa = PBXNativeTarget;
			buildConfigurationList = 4ED855C62B44C5EF00492807 /* Build configuration list for PBXNativeTarget "i am RichUITests" */;
			buildPhases = (
				4ED855B22B44C5EF00492807 /* Sources */,
				4ED855B32B44C5EF00492807 /* Frameworks */,
				4ED855B42B44C5EF00492807 /* Resources */,
			);
			buildRules = (
			);
			dependencies = (
				4ED855B82B44C5EF00492807 /* PBXTargetDependency */,
			);
			name = "i am RichUITests";
			productName = "i am RichUITests";
			productReference = 4ED855B62B44C5EF00492807 /* i am RichUITests.xctest */;
			productType = "com.apple.product-type.bundle.ui-testing";
		};
/* End PBXNativeTarget section */

/* Begin PBXProject section */
		4ED8558E2B44C5EE00492807 /* Project object */ = {
			isa = PBXProject;
			attributes = {
				BuildIndependentTargetsInParallel = 1;
				LastSwiftUpdateCheck = 1510;
				LastUpgradeCheck = 1510;
				TargetAttributes = {
					4ED855952B44C5EE00492807 = {
						CreatedOnToolsVersion = 15.1;
					};
					4ED855AB2B44C5EF00492807 = {
						CreatedOnToolsVersion = 15.1;
						TestTargetID = 4ED855952B44C5EE00492807;
					};
					4ED855B52B44C5EF00492807 = {
						CreatedOnToolsVersion = 15.1;
						TestTargetID = 4ED855952B44C5EE00492807;
					};
				};
			};
			buildConfigurationList = 4ED855912B44C5EE00492807 /* Build configuration list for PBXProject "i am Rich" */;
			compatibilityVersion = "Xcode 14.0";
			developmentRegion = en;
			hasScannedForEncodings = 0;
			knownRegions = (
				en,
				Base,
			);
			mainGroup = 4ED8558D2B44C5EE00492807;
			productRefGroup = 4ED855972B44C5EE00492807 /* Products */;
			projectDirPath = "";
			projectRoot = "";
			targets = (
				4ED855952B44C5EE00492807 /* i am Rich */,
				4ED855AB2B44C5EF00492807 /* i am RichTests */,
				4ED855B52B44C5EF00492807 /* i am RichUITests */,
			);
		};
/* End PBXProject section */

/* Begin PBXResourcesBuildPhase section */
		4ED855942B44C5EE00492807 /* Resources */ = {
			isa = PBXResourcesBuildPhase;
			buildActionMask = 2147483647;
			files = (
				4ED855A62B44C5EF00492807 /* LaunchScreen.storyboard in Resources */,
				4ED855A32B44C5EF00492807 /* Assets.xcassets in Resources */,
				4ED855A12B44C5EE00492807 /* Main.storyboard in Resources */,
			);
			runOnlyForDeploymentPostprocessing = 0;
		};
		4ED855AA2B44C5EF00492807 /* Resources */ = {
			isa = PBXResourcesBuildPhase;
			buildActionMask = 2147483647;
			files = (
			);
			runOnlyForDeploymentPostprocessing = 0;
		};
		4ED855B42B44C5EF00492807 /* Resources */ = {
			isa = PBXResourcesBuildPhase;
			buildActionMask = 2147483647;
			files = (
			);
			runOnlyForDeploymentPostprocessing = 0;
		};
/* End PBXResourcesBuildPhase section */

/* Begin PBXSourcesBuildPhase section */
		4ED855922B44C5EE00492807 /* Sources */ = {
			isa = PBXSourcesBuildPhase;
			buildActionMask = 2147483647;
			files = (
				4ED8559E2B44C5EE00492807 /* ViewController.swift in Sources */,
				4ED8559A2B44C5EE00492807 /* AppDelegate.swift in Sources */,
				4ED8559C2B44C5EE00492807 /* SceneDelegate.swift in Sources */,
			);
			runOnlyForDeploymentPostprocessing = 0;
		};
		4ED855A82B44C5EF00492807 /* Sources */ = {
			isa = PBXSourcesBuildPhase;
			buildActionMask = 2147483647;
			files = (
				4ED855B12B44C5EF00492807 /* i_am_RichTests.swift in Sources */,
			);
			runOnlyForDeploymentPostprocessing = 0;
		};
		4ED855B22B44C5EF00492807 /* Sources */ = {
			isa = PBXSourcesBuildPhase;
			buildActionMask = 2147483647;
			files = (
				4ED855BD2B44C5EF00492807 /* i_am_RichUITestsLaunchTests.swift in Sources */,
				4ED855BB2B44C5EF00492807 /* i_am_RichUITests.swift in Sources */,
			);
			runOnlyForDeploymentPostprocessing = 0;
		};
/* End PBXSourcesBuildPhase section */

/* Begin PBXTargetDependency section */
		4ED855AE2B44C5EF00492807 /* PBXTargetDependency */ = {
			isa = PBXTargetDependency;
			target = 4ED855952B44C5EE00492807 /* i am Rich */;
			targetProxy = 4ED855AD2B44C5EF00492807 /* PBXContainerItemProxy */;
		};
		4ED855B82B44C5EF00492807 /* PBXTargetDependency */ = {
			isa = PBXTargetDependency;
			target = 4ED855952B44C5EE00492807 /* i am Rich */;
			targetProxy = 4ED855B72B44C5EF00492807 /* PBXContainerItemProxy */;
		};
/* End PBXTargetDependency section */

/* Begin PBXVariantGroup section */
		4ED8559F2B44C5EE00492807 /* Main.storyboard */ = {
			isa = PBXVariantGroup;
			children = (
				4ED855A02B44C5EE00492807 /* Base */,
			);
			name = Main.storyboard;
			sourceTree = "<group>";
		};
		4ED855A42B44C5EF00492807 /* LaunchScreen.storyboard */ = {
			isa = PBXVariantGroup;
			children = (
				4ED855A52B44C5EF00492807 /* Base */,
			);
			name = LaunchScreen.storyboard;
			sourceTree = "<group>";
		};
/* End PBXVariantGroup section */

/* Begin XCBuildConfiguration section */
		4ED855BE2B44C5EF00492807 /* Debug */ = {
			isa = XCBuildConfiguration;
			buildSettings = {
				ALWAYS_SEARCH_USER_PATHS = NO;
				ASSETCATALOG_COMPILER_GENERATE_SWIFT_ASSET_SYMBOL_EXTENSIONS = YES;
				CLANG_ANALYZER_NONNULL = YES;
				CLANG_ANALYZER_NUMBER_OBJECT_CONVERSION = YES_AGGRESSIVE;
				CLANG_CXX_LANGUAGE_STANDARD = "gnu++20";
				CLANG_ENABLE_MODULES = YES;
				CLANG_ENABLE_OBJC_ARC = YES;
				CLANG_ENABLE_OBJC_WEAK = YES;
				CLANG_WARN_BLOCK_CAPTURE_AUTORELEASING = YES;
				CLANG_WARN_BOOL_CONVERSION = YES;
				CLANG_WARN_COMMA = YES;
				CLANG_WARN_CONSTANT_CONVERSION = YES;
				CLANG_WARN_DEPRECATED_OBJC_IMPLEMENTATIONS = YES;
				CLANG_WARN_DIRECT_OBJC_ISA_USAGE = YES_ERROR;
				CLANG_WARN_DOCUMENTATION_COMMENTS = YES;
				CLANG_WARN_EMPTY_BODY = YES;
				CLANG_WARN_ENUM_CONVERSION = YES;
				CLANG_WARN_INFINITE_RECURSION = YES;
				CLANG_WARN_INT_CONVERSION = YES;
				CLANG_WARN_NON_LITERAL_NULL_CONVERSION = YES;
				CLANG_WARN_OBJC_IMPLICIT_RETAIN_SELF = YES;
				CLANG_WARN_OBJC_LITERAL_CONVERSION = YES;
				CLANG_WARN_OBJC_ROOT_CLASS = YES_ERROR;
				CLANG_WARN_QUOTED_INCLUDE_IN_FRAMEWORK_HEADER = YES;
				CLANG_WARN_RANGE_LOOP_ANALYSIS = YES;
				CLANG_WARN_STRICT_PROTOTYPES = YES;
				CLANG_WARN_SUSPICIOUS_MOVE = YES;
				CLANG_WARN_UNGUARDED_AVAILABILITY = YES_AGGRESSIVE;
				CLANG_WARN_UNREACHABLE_CODE = YES;
				CLANG_WARN__DUPLICATE_METHOD_MATCH = YES;
				COPY_PHASE_STRIP = NO;
				DEBUG_INFORMATION_FORMAT = dwarf;
				ENABLE_STRICT_OBJC_MSGSEND = YES;
				ENABLE_TESTABILITY = YES;
				ENABLE_USER_SCRIPT_SANDBOXING = YES;
				GCC_C_LANGUAGE_STANDARD = gnu17;
				GCC_DYNAMIC_NO_PIC = NO;
				GCC_NO_COMMON_BLOCKS = YES;
				GCC_OPTIMIZATION_LEVEL = 0;
				GCC_PREPROCESSOR_DEFINITIONS = (
					"DEBUG=1",
					"$(inherited)",
				);
				GCC_WARN_64_TO_32_BIT_CONVERSION = YES;
				GCC_WARN_ABOUT_RETURN_TYPE = YES_ERROR;
				GCC_WARN_UNDECLARED_SELECTOR = YES;
				GCC_WARN_UNINITIALIZED_AUTOS = YES_AGGRESSIVE;
				GCC_WARN_UNUSED_FUNCTION = YES;
				GCC_WARN_UNUSED_VARIABLE = YES;
				IPHONEOS_DEPLOYMENT_TARGET = 17.2;
				LOCALIZATION_PREFERS_STRING_CATALOGS = YES;
				MTL_ENABLE_DEBUG_INFO = INCLUDE_SOURCE;
				MTL_FAST_MATH = YES;
				ONLY_ACTIVE_ARCH = YES;
				SDKROOT = iphoneos;
				SWIFT_ACTIVE_COMPILATION_CONDITIONS = "DEBUG $(inherited)";
				SWIFT_OPTIMIZATION_LEVEL = "-Onone";
			};
			name = Debug;
		};
		4ED855BF2B44C5EF00492807 /* Release */ = {
			isa = XCBuildConfiguration;
			buildSettings = {
				ALWAYS_SEARCH_USER_PATHS = NO;
				ASSETCATALOG_COMPILER_GENERATE_SWIFT_ASSET_SYMBOL_EXTENSIONS = YES;
				CLANG_ANALYZER_NONNULL = YES;
				CLANG_ANALYZER_NUMBER_OBJECT_CONVERSION = YES_AGGRESSIVE;
				CLANG_CXX_LANGUAGE_STANDARD = "gnu++20";
				CLANG_ENABLE_MODULES = YES;
				CLANG_ENABLE_OBJC_ARC = YES;
				CLANG_ENABLE_OBJC_WEAK = YES;
				CLANG_WARN_BLOCK_CAPTURE_AUTORELEASING = YES;
				CLANG_WARN_BOOL_CONVERSION = YES;
				CLANG_WARN_COMMA = YES;
				CLANG_WARN_CONSTANT_CONVERSION = YES;
				CLANG_WARN_DEPRECATED_OBJC_IMPLEMENTATIONS = YES;
				CLANG_WARN_DIRECT_OBJC_ISA_USAGE = YES_ERROR;
				CLANG_WARN_DOCUMENTATION_COMMENTS = YES;
				CLANG_WARN_EMPTY_BODY = YES;
				CLANG_WARN_ENUM_CONVERSION = YES;
				CLANG_WARN_INFINITE_RECURSION = YES;
				CLANG_WARN_INT_CONVERSION = YES;
				CLANG_WARN_NON_LITERAL_NULL_CONVERSION = YES;
				CLANG_WARN_OBJC_IMPLICIT_RETAIN_SELF = YES;
				CLANG_WARN_OBJC_LITERAL_CONVERSION = YES;
				CLANG_WARN_OBJC_ROOT_CLASS = YES_ERROR;
				CLANG_WARN_QUOTED_INCLUDE_IN_FRAMEWORK_HEADER = YES;
				CLANG_WARN_RANGE_LOOP_ANALYSIS = YES;
				CLANG_WARN_STRICT_PROTOTYPES = YES;
				CLANG_WARN_SUSPICIOUS_MOVE = YES;
				CLANG_WARN_UNGUARDED_AVAILABILITY = YES_AGGRESSIVE;
				CLANG_WARN_UNREACHABLE_CODE = YES;
				CLANG_WARN__DUPLICATE_METHOD_MATCH = YES;
				COPY_PHASE_STRIP = NO;
				DEBUG_INFORMATION_FORMAT = "dwarf-with-dsym";
				ENABLE_NS_ASSERTIONS = NO;
				ENABLE_STRICT_OBJC_MSGSEND = YES;
				ENABLE_USER_SCRIPT_SANDBOXING = YES;
				GCC_C_LANGUAGE_STANDARD = gnu17;
				GCC_NO_COMMON_BLOCKS = YES;
				GCC_WARN_64_TO_32_BIT_CONVERSION = YES;
				GCC_WARN_ABOUT_RETURN_TYPE = YES_ERROR;
				GCC_WARN_UNDECLARED_SELECTOR = YES;
				GCC_WARN_UNINITIALIZED_AUTOS = YES_AGGRESSIVE;
				GCC_WARN_UNUSED_FUNCTION = YES;
				GCC_WARN_UNUSED_VARIABLE = YES;
				IPHONEOS_DEPLOYMENT_TARGET = 17.2;
				LOCALIZATION_PREFERS_STRING_CATALOGS = YES;
				MTL_ENABLE_DEBUG_INFO = NO;
				MTL_FAST_MATH = YES;
				SDKROOT = iphoneos;
				SWIFT_COMPILATION_MODE = wholemodule;
				VALIDATE_PRODUCT = YES;
			};
			name = Release;
		};
		4ED855C12B44C5EF00492807 /* Debug */ = {
			isa = XCBuildConfiguration;
			buildSettings = {
				ASSETCATALOG_COMPILER_APPICON_NAME = AppIcon;
				ASSETCATALOG_COMPILER_GLOBAL_ACCENT_COLOR_NAME = AccentColor;
				CODE_SIGN_STYLE = Automatic;
				CURRENT_PROJECT_VERSION = 1;
				GENERATE_INFOPLIST_FILE = YES;
				INFOPLIST_FILE = "i am Rich/Info.plist";
				INFOPLIST_KEY_UIApplicationSupportsIndirectInputEvents = YES;
				INFOPLIST_KEY_UILaunchStoryboardName = LaunchScreen;
				INFOPLIST_KEY_UIMainStoryboardFile = Main;
				INFOPLIST_KEY_UIStatusBarStyle = "";
				INFOPLIST_KEY_UISupportedInterfaceOrientations = "UIInterfaceOrientationLandscapeLeft UIInterfaceOrientationLandscapeRight UIInterfaceOrientationPortrait";
				INFOPLIST_KEY_UISupportedInterfaceOrientations_iPad = "UIInterfaceOrientationLandscapeLeft UIInterfaceOrientationLandscapeRight UIInterfaceOrientationPortrait UIInterfaceOrientationPortraitUpsideDown";
				IPHONEOS_DEPLOYMENT_TARGET = 15.0;
				LD_RUNPATH_SEARCH_PATHS = (
					"$(inherited)",
					"@executable_path/Frameworks",
				);
				MARKETING_VERSION = 1.0;
				PRODUCT_BUNDLE_IDENTIFIER = "co.iosapp.i-am-Rich";
				PRODUCT_NAME = "$(TARGET_NAME)";
				SWIFT_EMIT_LOC_STRINGS = YES;
				SWIFT_VERSION = 5.0;
				TARGETED_DEVICE_FAMILY = "1,2";
			};
			name = Debug;
		};
		4ED855C22B44C5EF00492807 /* Release */ = {
			isa = XCBuildConfiguration;
			buildSettings = {
				ASSETCATALOG_COMPILER_APPICON_NAME = AppIcon;
				ASSETCATALOG_COMPILER_GLOBAL_ACCENT_COLOR_NAME = AccentColor;
				CODE_SIGN_STYLE = Automatic;
				CURRENT_PROJECT_VERSION = 1;
				GENERATE_INFOPLIST_FILE = YES;
				INFOPLIST_FILE = "i am Rich/Info.plist";
				INFOPLIST_KEY_UIApplicationSupportsIndirectInputEvents = YES;
				INFOPLIST_KEY_UILaunchStoryboardName = LaunchScreen;
				INFOPLIST_KEY_UIMainStoryboardFile = Main;
				INFOPLIST_KEY_UIStatusBarStyle = "";
				INFOPLIST_KEY_UISupportedInterfaceOrientations = "UIInterfaceOrientationLandscapeLeft UIInterfaceOrientationLandscapeRight UIInterfaceOrientationPortrait";
				INFOPLIST_KEY_UISupportedInterfaceOrientations_iPad = "UIInterfaceOrientationLandscapeLeft UIInterfaceOrientationLandscapeRight UIInterfaceOrientationPortrait UIInterfaceOrientationPortraitUpsideDown";
				IPHONEOS_DEPLOYMENT_TARGET = 15.0;
				LD_RUNPATH_SEARCH_PATHS = (
					"$(inherited)",
					"@executable_path/Frameworks",
				);
				MARKETING_VERSION = 1.0;
				PRODUCT_BUNDLE_IDENTIFIER = "co.iosapp.i-am-Rich";
				PRODUCT_NAME = "$(TARGET_NAME)";
				SWIFT_EMIT_LOC_STRINGS = YES;
				SWIFT_VERSION = 5.0;
				TARGETED_DEVICE_FAMILY = "1,2";
			};
			name = Release;
		};
		4ED855C42B44C5EF00492807 /* Debug */ = {
			isa = XCBuildConfiguration;
			buildSettings = {
				ALWAYS_EMBED_SWIFT_STANDARD_LIBRARIES = YES;
				BUNDLE_LOADER = "$(TEST_HOST)";
				CODE_SIGN_STYLE = Automatic;
				CURRENT_PROJECT_VERSION = 1;
				GENERATE_INFOPLIST_FILE = YES;
				IPHONEOS_DEPLOYMENT_TARGET = 17.2;
				MARKETING_VERSION = 1.0;
				PRODUCT_BUNDLE_IDENTIFIER = "co.iosapp.i-am-RichTests";
				PRODUCT_NAME = "$(TARGET_NAME)";
				SWIFT_EMIT_LOC_STRINGS = NO;
				SWIFT_VERSION = 5.0;
				TARGETED_DEVICE_FAMILY = "1,2";
				TEST_HOST = "$(BUILT_PRODUCTS_DIR)/i am Rich.app/$(BUNDLE_EXECUTABLE_FOLDER_PATH)/i am Rich";
			};
			name = Debug;
		};
		4ED855C52B44C5EF00492807 /* Release */ = {
			isa = XCBuildConfiguration;
			buildSettings = {
				ALWAYS_EMBED_SWIFT_STANDARD_LIBRARIES = YES;
				BUNDLE_LOADER = "$(TEST_HOST)";
				CODE_SIGN_STYLE = Automatic;
				CURRENT_PROJECT_VERSION = 1;
				GENERATE_INFOPLIST_FILE = YES;
				IPHONEOS_DEPLOYMENT_TARGET = 17.2;
				MARKETING_VERSION = 1.0;
				PRODUCT_BUNDLE_IDENTIFIER = "co.iosapp.i-am-RichTests";
				PRODUCT_NAME = "$(TARGET_NAME)";
				SWIFT_EMIT_LOC_STRINGS = NO;
				SWIFT_VERSION = 5.0;
				TARGETED_DEVICE_FAMILY = "1,2";
				TEST_HOST = "$(BUILT_PRODUCTS_DIR)/i am Rich.app/$(BUNDLE_EXECUTABLE_FOLDER_PATH)/i am Rich";
			};
			name = Release;
		};
		4ED855C72B44C5EF00492807 /* Debug */ = {
			isa = XCBuildConfiguration;
			buildSettings = {
				ALWAYS_EMBED_SWIFT_STANDARD_LIBRARIES = YES;
				CODE_SIGN_STYLE = Automatic;
				CURRENT_PROJECT_VERSION = 1;
				GENERATE_INFOPLIST_FILE = YES;
				MARKETING_VERSION = 1.0;
				PRODUCT_BUNDLE_IDENTIFIER = "co.iosapp.i-am-RichUITests";
				PRODUCT_NAME = "$(TARGET_NAME)";
				SWIFT_EMIT_LOC_STRINGS = NO;
				SWIFT_VERSION = 5.0;
				TARGETED_DEVICE_FAMILY = "1,2";
				TEST_TARGET_NAME = "i am Rich";
			};
			name = Debug;
		};
		4ED855C82B44C5EF00492807 /* Release */ = {
			isa = XCBuildConfiguration;
			buildSettings = {
				ALWAYS_EMBED_SWIFT_STANDARD_LIBRARIES = YES;
				CODE_SIGN_STYLE = Automatic;
				CURRENT_PROJECT_VERSION = 1;
				GENERATE_INFOPLIST_FILE = YES;
				MARKETING_VERSION = 1.0;
				PRODUCT_BUNDLE_IDENTIFIER = "co.iosapp.i-am-RichUITests";
				PRODUCT_NAME = "$(TARGET_NAME)";
				SWIFT_EMIT_LOC_STRINGS = NO;
				SWIFT_VERSION = 5.0;
				TARGETED_DEVICE_FAMILY = "1,2";
				TEST_TARGET_NAME = "i am Rich";
			};
			name = Release;
		};
/* End XCBuildConfiguration section */

/* Begin XCConfigurationList section */
		4ED855912B44C5EE00492807 /* Build configuration list for PBXProject "i am Rich" */ = {
			isa = XCConfigurationList;
			buildConfigurations = (
				4ED855BE2B44C5EF00492807 /* Debug */,
				4ED855BF2B44C5EF00492807 /* Release */,
			);
			defaultConfigurationIsVisible = 0;
			defaultConfigurationName = Release;
		};
		4ED855C02B44C5EF00492807 /* Build configuration list for PBXNativeTarget "i am Rich" */ = {
			isa = XCConfigurationList;
			buildConfigurations = (
				4ED855C12B44C5EF00492807 /* Debug */,
				4ED855C22B44C5EF00492807 /* Release */,
			);
			defaultConfigurationIsVisible = 0;
			defaultConfigurationName = Release;
		};
		4ED855C32B44C5EF00492807 /* Build configuration list for PBXNativeTarget "i am RichTests" */ = {
			isa = XCConfigurationList;
			buildConfigurations = (
				4ED855C42B44C5EF00492807 /* Debug */,
				4ED855C52B44C5EF00492807 /* Release */,
			);
			defaultConfigurationIsVisible = 0;
			defaultConfigurationName = Release;
		};
		4ED855C62B44C5EF00492807 /* Build configuration list for PBXNativeTarget "i am RichUITests" */ = {
			isa = XCConfigurationList;
			buildConfigurations = (
				4ED855C72B44C5EF00492807 /* Debug */,
				4ED855C82B44C5EF00492807 /* Release */,
			);
			defaultConfigurationIsVisible = 0;
			defaultConfigurationName = Release;
		};
/* End XCConfigurationList section */
	};
	rootObject = 4ED8558E2B44C5EE00492807 /* Project object */;
}
